
Microsoft Visual Studio Solution File, Format Version 12.00
# Visual Studio 15
VisualStudioVersion = 15.0.28010.2050
MinimumVisualStudioVersion = 10.0.40219.1
Project("{FAE04EC0-301F-11D3-BF4B-00C04F79EFBC}") = "PPAP_SEVER", "PPAP_SEVER\PPAP_SEVER.csproj", "{0E7179F1-ECC8-466C-BFE2-611C67667F6C}"
EndProject
Global
	GlobalSection(SolutionConfigurationPlatforms) = preSolution
		Debug|Any CPU = Debug|Any CPU
		Release|Any CPU = Release|Any CPU
	EndGlobalSection
	GlobalSection(ProjectConfigurationPlatforms) = postSolution
		{0E7179F1-ECC8-466C-BFE2-611C67667F6C}.Debug|Any CPU.ActiveCfg = Debug|Any CPU
		{0E7179F1-ECC8-466C-BFE2-611C67667F6C}.Debug|Any CPU.Build.0 = Debug|Any CPU
		{0E7179F1-ECC8-466C-BFE2-611C67667F6C}.Release|Any CPU.ActiveCfg = Release|Any CPU
		{0E7179F1-ECC8-466C-BFE2-611C67667F6C}.Release|Any CPU.Build.0 = Release|Any CPU
	EndGlobalSection
	GlobalSection(SolutionProperties) = preSolution
		HideSolutionNode = FALSE
	EndGlobalSection
	GlobalSection(ExtensibilityGlobals) = postSolution
		SolutionGuid = {B93320F9-ABF0-48EF-B1D9-72FEA2383301}
	EndGlobalSection
EndGlobal
